{
	"name": "my-projects-name",
	"requires": true,
	"lockfileVersion": 1,
	"dependencies": {
		"prettier-config-modern": {
			"version": "1.0.0",
			"resolved": "https://registry.npmjs.org/prettier-config-modern/-/prettier-config-modern-1.0.0.tgz",
			"integrity": "sha512-NuKb1pcxJAawf4H03+HyVK42lMwlIxK6diRLSWSZuCXzE9Imd26jGaBDyUQfnZ2DWWBBd5sYLkCYj4W18uNZEw==",
			"dev": true
		}
	}
}
